{
  "name": "snowpack-plugin-less",
  "version": "1.0.1",
  "lockfileVersion": 1,
  "requires": true,
  "dependencies": {
    "errno": {
      "version": "0.1.7",
      "resolved": "https://registry.npm.alibaba-inc.com/errno/download/errno-0.1.7.tgz",
      "optional": true,
      "dependencies": {
        "prr": {
          "version": "https://registry.npm.alibaba-inc.com/prr/download/prr-1.0.1.tgz",
          "bundled": true
        }
      }
    },
    "graceful-fs": {
      "version": "4.2.4",
      "resolved": "https://registry.npm.alibaba-inc.com/graceful-fs/download/graceful-fs-4.2.4.tgz",
      "optional": true
    },
    "image-size": {
      "version": "0.5.5",
      "resolved": "https://registry.npm.alibaba-inc.com/image-size/download/image-size-0.5.5.tgz",
      "optional": true
    },
    "less": {
      "version": "3.12.2",
      "resolved": "https://registry.npmjs.org/less/-/less-3.12.2.tgz",
      "integrity": "sha512-+1V2PCMFkL+OIj2/HrtrvZw0BC0sYLMICJfbQjuj/K8CEnlrFX6R5cKKgzzttsZDHyxQNL1jqMREjKN3ja/E3Q==",
      "requires": {
        "errno": "^0.1.1",
        "graceful-fs": "^4.1.2",
        "image-size": "~0.5.0",
        "make-dir": "^2.1.0",
        "mime": "^1.4.1",
        "native-request": "^1.0.5",
        "source-map": "~0.6.0",
        "tslib": "^1.10.0"
      }
    },
    "make-dir": {
      "version": "2.1.0",
      "resolved": "https://registry.npm.alibaba-inc.com/make-dir/download/make-dir-2.1.0.tgz",
      "optional": true,
      "dependencies": {
        "pify": {
          "version": "https://registry.npm.alibaba-inc.com/pify/download/pify-4.0.1.tgz",
          "bundled": true
        },
        "semver": {
          "version": "https://registry.npm.alibaba-inc.com/semver/download/semver-5.7.1.tgz",
          "bundled": true
        }
      }
    },
    "mime": {
      "version": "1.6.0",
      "resolved": "https://registry.npm.alibaba-inc.com/mime/download/mime-1.6.0.tgz",
      "optional": true
    },
    "native-request": {
      "version": "1.0.7",
      "resolved": "https://registry.npm.alibaba-inc.com/native-request/download/native-request-1.0.7.tgz",
      "optional": true
    },
    "source-map": {
      "version": "0.6.1",
      "resolved": "https://registry.npm.alibaba-inc.com/source-map/download/source-map-0.6.1.tgz",
      "optional": true
    },
    "tslib": {
      "version": "1.13.0",
      "resolved": "https://registry.npm.alibaba-inc.com/tslib/download/tslib-1.13.0.tgz"
    }
  }
}
